
Microsoft Visual Studio Solution File, Format Version 12.00
# Visual Studio Version 17
VisualStudioVersion = 17.4.33122.133
MinimumVisualStudioVersion = 10.0.40219.1
Project("{9A19103F-16F7-4668-BE54-9A1E7A4F7556}") = "Shopping_Web_thien", "Shopping_Web_thien\Shopping_Web_thien.csproj", "{BB333C06-9727-4358-BDA6-EA39153E8721}"
EndProject
Global
	GlobalSection(SolutionConfigurationPlatforms) = preSolution
		Debug|Any CPU = Debug|Any CPU
		Release|Any CPU = Release|Any CPU
	EndGlobalSection
	GlobalSection(ProjectConfigurationPlatforms) = postSolution
		{BB333C06-9727-4358-BDA6-EA39153E8721}.Debug|Any CPU.ActiveCfg = Debug|Any CPU
		{BB333C06-9727-4358-BDA6-EA39153E8721}.Debug|Any CPU.Build.0 = Debug|Any CPU
		{BB333C06-9727-4358-BDA6-EA39153E8721}.Release|Any CPU.ActiveCfg = Release|Any CPU
		{BB333C06-9727-4358-BDA6-EA39153E8721}.Release|Any CPU.Build.0 = Release|Any CPU
	EndGlobalSection
	GlobalSection(SolutionProperties) = preSolution
		HideSolutionNode = FALSE
	EndGlobalSection
	GlobalSection(ExtensibilityGlobals) = postSolution
		SolutionGuid = {242E87DB-1390-40D2-9936-67DA42B96C67}
	EndGlobalSection
EndGlobal
